
Microsoft Visual Studio Solution File, Format Version 12.00
# Visual Studio Version 17
VisualStudioVersion = 17.10.34928.147
MinimumVisualStudioVersion = 10.0.40219.1
Project("{FAE04EC0-301F-11D3-BF4B-00C04F79EFBC}") = "CagriKok.WPF", "CagriKok.WPF\CagriKok.WPF.csproj", "{FBBBD6A2-F982-4E41-B6B2-52880C347F46}"
EndProject
Project("{FAE04EC0-301F-11D3-BF4B-00C04F79EFBC}") = "CagriKok.VarlikKatmani", "CagriKok.VarlikKatmani\CagriKok.VarlikKatmani.csproj", "{1E00AFBD-CC81-412A-871B-AEC101A736BF}"
EndProject
Project("{FAE04EC0-301F-11D3-BF4B-00C04F79EFBC}") = "CagriKok.IsKatmani", "CagriKok.IsKatmani\CagriKok.IsKatmani.csproj", "{3B8606B1-CA6A-403A-8A09-874124CB00BF}"
EndProject
Project("{FAE04EC0-301F-11D3-BF4B-00C04F79EFBC}") = "CagriKok.VeriKatmani", "CagriKok.VeriKatmani\CagriKok.VeriKatmani.csproj", "{E082A817-1D01-4506-9BB3-66B2B6F4E73F}"
EndProject
Global
	GlobalSection(SolutionConfigurationPlatforms) = preSolution
		Debug|Any CPU = Debug|Any CPU
		Release|Any CPU = Release|Any CPU
	EndGlobalSection
	GlobalSection(ProjectConfigurationPlatforms) = postSolution
		{FBBBD6A2-F982-4E41-B6B2-52880C347F46}.Debug|Any CPU.ActiveCfg = Debug|Any CPU
		{FBBBD6A2-F982-4E41-B6B2-52880C347F46}.Debug|Any CPU.Build.0 = Debug|Any CPU
		{FBBBD6A2-F982-4E41-B6B2-52880C347F46}.Release|Any CPU.ActiveCfg = Release|Any CPU
		{FBBBD6A2-F982-4E41-B6B2-52880C347F46}.Release|Any CPU.Build.0 = Release|Any CPU
		{1E00AFBD-CC81-412A-871B-AEC101A736BF}.Debug|Any CPU.ActiveCfg = Debug|Any CPU
		{1E00AFBD-CC81-412A-871B-AEC101A736BF}.Debug|Any CPU.Build.0 = Debug|Any CPU
		{1E00AFBD-CC81-412A-871B-AEC101A736BF}.Release|Any CPU.ActiveCfg = Release|Any CPU
		{1E00AFBD-CC81-412A-871B-AEC101A736BF}.Release|Any CPU.Build.0 = Release|Any CPU
		{3B8606B1-CA6A-403A-8A09-874124CB00BF}.Debug|Any CPU.ActiveCfg = Debug|Any CPU
		{3B8606B1-CA6A-403A-8A09-874124CB00BF}.Debug|Any CPU.Build.0 = Debug|Any CPU
		{3B8606B1-CA6A-403A-8A09-874124CB00BF}.Release|Any CPU.ActiveCfg = Release|Any CPU
		{3B8606B1-CA6A-403A-8A09-874124CB00BF}.Release|Any CPU.Build.0 = Release|Any CPU
		{E082A817-1D01-4506-9BB3-66B2B6F4E73F}.Debug|Any CPU.ActiveCfg = Debug|Any CPU
		{E082A817-1D01-4506-9BB3-66B2B6F4E73F}.Debug|Any CPU.Build.0 = Debug|Any CPU
		{E082A817-1D01-4506-9BB3-66B2B6F4E73F}.Release|Any CPU.ActiveCfg = Release|Any CPU
		{E082A817-1D01-4506-9BB3-66B2B6F4E73F}.Release|Any CPU.Build.0 = Release|Any CPU
	EndGlobalSection
	GlobalSection(SolutionProperties) = preSolution
		HideSolutionNode = FALSE
	EndGlobalSection
	GlobalSection(ExtensibilityGlobals) = postSolution
		SolutionGuid = {89E82D5B-ECB0-46BB-B5AA-F0C96675B0F8}
	EndGlobalSection
EndGlobal
